
Microsoft Visual Studio Solution File, Format Version 12.00
# Visual Studio 2012
Project("{FAE04EC0-301F-11D3-BF4B-00C04F79EFBC}") = "Nerdcave.Common", "Nerdcave.Common\Nerdcave.Common.csproj", "{B7FA3F58-FDF8-4AAD-AE7C-EF1A80CCF069}"
EndProject
Project("{FAE04EC0-301F-11D3-BF4B-00C04F79EFBC}") = "Wolpertinger.Core", "Wolpertinger.Core\Wolpertinger.Core.csproj", "{42BF5AC0-A438-49FB-8049-9549DA556898}"
EndProject
Project("{FAE04EC0-301F-11D3-BF4B-00C04F79EFBC}") = "Wolpertinger.Fileserver", "Wolpertinger.Fileserver\Wolpertinger.Fileserver.csproj", "{A50D96E9-E687-4264-B53B-B91CD708F86E}"
EndProject
Project("{FAE04EC0-301F-11D3-BF4B-00C04F79EFBC}") = "Wolpertinger.Manager.CLI", "Wolpertinger.Manager.CLI\Wolpertinger.Manager.CLI.csproj", "{3F263993-CD7C-449D-A085-DC5D99813691}"
EndProject
Project("{FAE04EC0-301F-11D3-BF4B-00C04F79EFBC}") = "Wolpertinger.CoreComponents", "Wolpertinger.CoreComponents\Wolpertinger.CoreComponents.csproj", "{58EFFE36-CF9F-42C7-B2CF-D721B06683BF}"
EndProject
Project("{FAE04EC0-301F-11D3-BF4B-00C04F79EFBC}") = "Wolpertinger.FileShareCommon", "Wolpertinger.FileShareCommon\Wolpertinger.FileShareCommon.csproj", "{A7CFB891-5B66-43EE-8033-BD2E668A3680}"
EndProject
Global
	GlobalSection(SolutionConfigurationPlatforms) = preSolution
		Debug|Any CPU = Debug|Any CPU
		Debug|Mixed Platforms = Debug|Mixed Platforms
		Debug|x86 = Debug|x86
		Release|Any CPU = Release|Any CPU
		Release|Mixed Platforms = Release|Mixed Platforms
		Release|x86 = Release|x86
	EndGlobalSection
	GlobalSection(ProjectConfigurationPlatforms) = postSolution
		{B7FA3F58-FDF8-4AAD-AE7C-EF1A80CCF069}.Debug|Any CPU.ActiveCfg = Debug|Any CPU
		{B7FA3F58-FDF8-4AAD-AE7C-EF1A80CCF069}.Debug|Any CPU.Build.0 = Debug|Any CPU
		{B7FA3F58-FDF8-4AAD-AE7C-EF1A80CCF069}.Debug|Mixed Platforms.ActiveCfg = Debug|Any CPU
		{B7FA3F58-FDF8-4AAD-AE7C-EF1A80CCF069}.Debug|Mixed Platforms.Build.0 = Debug|Any CPU
		{B7FA3F58-FDF8-4AAD-AE7C-EF1A80CCF069}.Debug|x86.ActiveCfg = Debug|Any CPU
		{B7FA3F58-FDF8-4AAD-AE7C-EF1A80CCF069}.Release|Any CPU.ActiveCfg = Release|Any CPU
		{B7FA3F58-FDF8-4AAD-AE7C-EF1A80CCF069}.Release|Any CPU.Build.0 = Release|Any CPU
		{B7FA3F58-FDF8-4AAD-AE7C-EF1A80CCF069}.Release|Mixed Platforms.ActiveCfg = Release|Any CPU
		{B7FA3F58-FDF8-4AAD-AE7C-EF1A80CCF069}.Release|Mixed Platforms.Build.0 = Release|Any CPU
		{B7FA3F58-FDF8-4AAD-AE7C-EF1A80CCF069}.Release|x86.ActiveCfg = Release|Any CPU
		{42BF5AC0-A438-49FB-8049-9549DA556898}.Debug|Any CPU.ActiveCfg = Debug|Any CPU
		{42BF5AC0-A438-49FB-8049-9549DA556898}.Debug|Any CPU.Build.0 = Debug|Any CPU
		{42BF5AC0-A438-49FB-8049-9549DA556898}.Debug|Mixed Platforms.ActiveCfg = Debug|Any CPU
		{42BF5AC0-A438-49FB-8049-9549DA556898}.Debug|Mixed Platforms.Build.0 = Debug|Any CPU
		{42BF5AC0-A438-49FB-8049-9549DA556898}.Debug|x86.ActiveCfg = Debug|Any CPU
		{42BF5AC0-A438-49FB-8049-9549DA556898}.Release|Any CPU.ActiveCfg = Release|Any CPU
		{42BF5AC0-A438-49FB-8049-9549DA556898}.Release|Any CPU.Build.0 = Release|Any CPU
		{42BF5AC0-A438-49FB-8049-9549DA556898}.Release|Mixed Platforms.ActiveCfg = Release|Any CPU
		{42BF5AC0-A438-49FB-8049-9549DA556898}.Release|Mixed Platforms.Build.0 = Release|Any CPU
		{42BF5AC0-A438-49FB-8049-9549DA556898}.Release|x86.ActiveCfg = Release|Any CPU
		{A50D96E9-E687-4264-B53B-B91CD708F86E}.Debug|Any CPU.ActiveCfg = Debug|x86
		{A50D96E9-E687-4264-B53B-B91CD708F86E}.Debug|Mixed Platforms.ActiveCfg = Debug|x86
		{A50D96E9-E687-4264-B53B-B91CD708F86E}.Debug|Mixed Platforms.Build.0 = Debug|x86
		{A50D96E9-E687-4264-B53B-B91CD708F86E}.Debug|x86.ActiveCfg = Debug|x86
		{A50D96E9-E687-4264-B53B-B91CD708F86E}.Debug|x86.Build.0 = Debug|x86
		{A50D96E9-E687-4264-B53B-B91CD708F86E}.Release|Any CPU.ActiveCfg = Release|x86
		{A50D96E9-E687-4264-B53B-B91CD708F86E}.Release|Mixed Platforms.ActiveCfg = Release|x86
		{A50D96E9-E687-4264-B53B-B91CD708F86E}.Release|Mixed Platforms.Build.0 = Release|x86
		{A50D96E9-E687-4264-B53B-B91CD708F86E}.Release|x86.ActiveCfg = Release|x86
		{A50D96E9-E687-4264-B53B-B91CD708F86E}.Release|x86.Build.0 = Release|x86
		{3F263993-CD7C-449D-A085-DC5D99813691}.Debug|Any CPU.ActiveCfg = Debug|x86
		{3F263993-CD7C-449D-A085-DC5D99813691}.Debug|Mixed Platforms.ActiveCfg = Debug|x86
		{3F263993-CD7C-449D-A085-DC5D99813691}.Debug|Mixed Platforms.Build.0 = Debug|x86
		{3F263993-CD7C-449D-A085-DC5D99813691}.Debug|x86.ActiveCfg = Debug|x86
		{3F263993-CD7C-449D-A085-DC5D99813691}.Debug|x86.Build.0 = Debug|x86
		{3F263993-CD7C-449D-A085-DC5D99813691}.Release|Any CPU.ActiveCfg = Release|x86
		{3F263993-CD7C-449D-A085-DC5D99813691}.Release|Mixed Platforms.ActiveCfg = Release|x86
		{3F263993-CD7C-449D-A085-DC5D99813691}.Release|Mixed Platforms.Build.0 = Release|x86
		{3F263993-CD7C-449D-A085-DC5D99813691}.Release|x86.ActiveCfg = Release|x86
		{3F263993-CD7C-449D-A085-DC5D99813691}.Release|x86.Build.0 = Release|x86
		{58EFFE36-CF9F-42C7-B2CF-D721B06683BF}.Debug|Any CPU.ActiveCfg = Debug|Any CPU
		{58EFFE36-CF9F-42C7-B2CF-D721B06683BF}.Debug|Any CPU.Build.0 = Debug|Any CPU
		{58EFFE36-CF9F-42C7-B2CF-D721B06683BF}.Debug|Mixed Platforms.ActiveCfg = Debug|Any CPU
		{58EFFE36-CF9F-42C7-B2CF-D721B06683BF}.Debug|Mixed Platforms.Build.0 = Debug|Any CPU
		{58EFFE36-CF9F-42C7-B2CF-D721B06683BF}.Debug|x86.ActiveCfg = Debug|Any CPU
		{58EFFE36-CF9F-42C7-B2CF-D721B06683BF}.Release|Any CPU.ActiveCfg = Release|Any CPU
		{58EFFE36-CF9F-42C7-B2CF-D721B06683BF}.Release|Any CPU.Build.0 = Release|Any CPU
		{58EFFE36-CF9F-42C7-B2CF-D721B06683BF}.Release|Mixed Platforms.ActiveCfg = Release|Any CPU
		{58EFFE36-CF9F-42C7-B2CF-D721B06683BF}.Release|Mixed Platforms.Build.0 = Release|Any CPU
		{58EFFE36-CF9F-42C7-B2CF-D721B06683BF}.Release|x86.ActiveCfg = Release|Any CPU
		{A7CFB891-5B66-43EE-8033-BD2E668A3680}.Debug|Any CPU.ActiveCfg = Debug|Any CPU
		{A7CFB891-5B66-43EE-8033-BD2E668A3680}.Debug|Any CPU.Build.0 = Debug|Any CPU
		{A7CFB891-5B66-43EE-8033-BD2E668A3680}.Debug|Mixed Platforms.ActiveCfg = Debug|Any CPU
		{A7CFB891-5B66-43EE-8033-BD2E668A3680}.Debug|Mixed Platforms.Build.0 = Debug|Any CPU
		{A7CFB891-5B66-43EE-8033-BD2E668A3680}.Debug|x86.ActiveCfg = Debug|Any CPU
		{A7CFB891-5B66-43EE-8033-BD2E668A3680}.Release|Any CPU.ActiveCfg = Release|Any CPU
		{A7CFB891-5B66-43EE-8033-BD2E668A3680}.Release|Any CPU.Build.0 = Release|Any CPU
		{A7CFB891-5B66-43EE-8033-BD2E668A3680}.Release|Mixed Platforms.ActiveCfg = Release|Any CPU
		{A7CFB891-5B66-43EE-8033-BD2E668A3680}.Release|Mixed Platforms.Build.0 = Release|Any CPU
		{A7CFB891-5B66-43EE-8033-BD2E668A3680}.Release|x86.ActiveCfg = Release|Any CPU
	EndGlobalSection
	GlobalSection(SolutionProperties) = preSolution
		HideSolutionNode = FALSE
	EndGlobalSection
EndGlobal
